
Microsoft Visual Studio Solution File, Format Version 12.00
# Visual Studio Version 17
VisualStudioVersion = 17.9.34701.34
MinimumVisualStudioVersion = 10.0.40219.1
Project("{FAE04EC0-301F-11D3-BF4B-00C04F79EFBC}") = "BranchAndBound", "BranchAndBound\BranchAndBound.csproj", "{FD09253D-2725-4C94-9601-DB77A53E0EFF}"
EndProject
Global
	GlobalSection(SolutionConfigurationPlatforms) = preSolution
		Debug|Any CPU = Debug|Any CPU
		Release|Any CPU = Release|Any CPU
	EndGlobalSection
	GlobalSection(ProjectConfigurationPlatforms) = postSolution
		{FD09253D-2725-4C94-9601-DB77A53E0EFF}.Debug|Any CPU.ActiveCfg = Debug|Any CPU
		{FD09253D-2725-4C94-9601-DB77A53E0EFF}.Debug|Any CPU.Build.0 = Debug|Any CPU
		{FD09253D-2725-4C94-9601-DB77A53E0EFF}.Release|Any CPU.ActiveCfg = Release|Any CPU
		{FD09253D-2725-4C94-9601-DB77A53E0EFF}.Release|Any CPU.Build.0 = Release|Any CPU
	EndGlobalSection
	GlobalSection(SolutionProperties) = preSolution
		HideSolutionNode = FALSE
	EndGlobalSection
	GlobalSection(ExtensibilityGlobals) = postSolution
		SolutionGuid = {52FB5EB8-6AF5-48C9-8A05-5096EFD99C7A}
	EndGlobalSection
EndGlobal
